
Microsoft Visual Studio Solution File, Format Version 12.00
# Visual Studio Version 17
VisualStudioVersion = 17.11.35208.52
MinimumVisualStudioVersion = 10.0.40219.1
Project("{FAE04EC0-301F-11D3-BF4B-00C04F79EFBC}") = "Task9_ReadyAndWriteFromFile", "ReadyAndWriteFromFile\Task9_ReadyAndWriteFromFile.csproj", "{DA095B75-C29F-4ED0-A854-60F2F20468B0}"
EndProject
Global
	GlobalSection(SolutionConfigurationPlatforms) = preSolution
		Debug|Any CPU = Debug|Any CPU
		Release|Any CPU = Release|Any CPU
	EndGlobalSection
	GlobalSection(ProjectConfigurationPlatforms) = postSolution
		{DA095B75-C29F-4ED0-A854-60F2F20468B0}.Debug|Any CPU.ActiveCfg = Debug|Any CPU
		{DA095B75-C29F-4ED0-A854-60F2F20468B0}.Debug|Any CPU.Build.0 = Debug|Any CPU
		{DA095B75-C29F-4ED0-A854-60F2F20468B0}.Release|Any CPU.ActiveCfg = Release|Any CPU
		{DA095B75-C29F-4ED0-A854-60F2F20468B0}.Release|Any CPU.Build.0 = Release|Any CPU
	EndGlobalSection
	GlobalSection(SolutionProperties) = preSolution
		HideSolutionNode = FALSE
	EndGlobalSection
	GlobalSection(ExtensibilityGlobals) = postSolution
		SolutionGuid = {8FA10506-C17B-43EC-9E55-D551F4023F2D}
	EndGlobalSection
EndGlobal
